
Microsoft Visual Studio Solution File, Format Version 12.00
# Visual Studio 14
VisualStudioVersion = 14.0.25420.1
MinimumVisualStudioVersion = 10.0.40219.1
Project("{FAE04EC0-301F-11D3-BF4B-00C04F79EFBC}") = "HospitalService", "HospitalService\HospitalService.csproj", "{ACB93A1D-93E2-4A50-8383-0D37EC9A0058}"
EndProject
Project("{FAE04EC0-301F-11D3-BF4B-00C04F79EFBC}") = "HospitalServiceTests", "HospitalServiceTests\HospitalServiceTests.csproj", "{AAC1B357-2B33-4F55-A85D-0C6DF44E5308}"
EndProject
Project("{FAE04EC0-301F-11D3-BF4B-00C04F79EFBC}") = "HospitalClient", "HospitalClient\HospitalClient.csproj", "{9E6154DA-315F-46EE-BFE5-C2DE77095E5B}"
EndProject
Global
	GlobalSection(SolutionConfigurationPlatforms) = preSolution
		Debug|Any CPU = Debug|Any CPU
		Release|Any CPU = Release|Any CPU
	EndGlobalSection
	GlobalSection(ProjectConfigurationPlatforms) = postSolution
		{ACB93A1D-93E2-4A50-8383-0D37EC9A0058}.Debug|Any CPU.ActiveCfg = Debug|Any CPU
		{ACB93A1D-93E2-4A50-8383-0D37EC9A0058}.Debug|Any CPU.Build.0 = Debug|Any CPU
		{ACB93A1D-93E2-4A50-8383-0D37EC9A0058}.Release|Any CPU.ActiveCfg = Release|Any CPU
		{ACB93A1D-93E2-4A50-8383-0D37EC9A0058}.Release|Any CPU.Build.0 = Release|Any CPU
		{AAC1B357-2B33-4F55-A85D-0C6DF44E5308}.Debug|Any CPU.ActiveCfg = Debug|Any CPU
		{AAC1B357-2B33-4F55-A85D-0C6DF44E5308}.Debug|Any CPU.Build.0 = Debug|Any CPU
		{AAC1B357-2B33-4F55-A85D-0C6DF44E5308}.Release|Any CPU.ActiveCfg = Release|Any CPU
		{AAC1B357-2B33-4F55-A85D-0C6DF44E5308}.Release|Any CPU.Build.0 = Release|Any CPU
		{9E6154DA-315F-46EE-BFE5-C2DE77095E5B}.Debug|Any CPU.ActiveCfg = Debug|Any CPU
		{9E6154DA-315F-46EE-BFE5-C2DE77095E5B}.Debug|Any CPU.Build.0 = Debug|Any CPU
		{9E6154DA-315F-46EE-BFE5-C2DE77095E5B}.Release|Any CPU.ActiveCfg = Release|Any CPU
		{9E6154DA-315F-46EE-BFE5-C2DE77095E5B}.Release|Any CPU.Build.0 = Release|Any CPU
	EndGlobalSection
	GlobalSection(SolutionProperties) = preSolution
		HideSolutionNode = FALSE
	EndGlobalSection
EndGlobal
