
Microsoft Visual Studio Solution File, Format Version 12.00
# Visual Studio 14
VisualStudioVersion = 14.0.25420.1
MinimumVisualStudioVersion = 10.0.40219.1
Project("{FAE04EC0-301F-11D3-BF4B-00C04F79EFBC}") = "HospitalClient", "HospitalClient\HospitalClient.csproj", "{ADC5D378-BDD7-43DB-BAFF-37FC68960B25}"
EndProject
Project("{FAE04EC0-301F-11D3-BF4B-00C04F79EFBC}") = "HospitalInterfaces", "HospitalInterfaces\HospitalInterfaces.csproj", "{3240B95E-BCDD-4FEE-8157-D74996990066}"
EndProject
Project("{FAE04EC0-301F-11D3-BF4B-00C04F79EFBC}") = "WpfProject", "WpfProject\WpfProject.csproj", "{490AA65C-A96F-4684-B408-25AA54B6B68F}"
EndProject
Project("{FAE04EC0-301F-11D3-BF4B-00C04F79EFBC}") = "HospitalService", "HospitalService\HospitalService.csproj", "{ACB93A1D-93E2-4A50-8383-0D37EC9A0058}"
EndProject
Project("{FAE04EC0-301F-11D3-BF4B-00C04F79EFBC}") = "HospitalServiceTests", "HospitalServiceTests\HospitalServiceTests.csproj", "{AAC1B357-2B33-4F55-A85D-0C6DF44E5308}"
EndProject
Global
	GlobalSection(SolutionConfigurationPlatforms) = preSolution
		Debug|Any CPU = Debug|Any CPU
		Release|Any CPU = Release|Any CPU
	EndGlobalSection
	GlobalSection(ProjectConfigurationPlatforms) = postSolution
		{ADC5D378-BDD7-43DB-BAFF-37FC68960B25}.Debug|Any CPU.ActiveCfg = Debug|Any CPU
		{ADC5D378-BDD7-43DB-BAFF-37FC68960B25}.Debug|Any CPU.Build.0 = Debug|Any CPU
		{ADC5D378-BDD7-43DB-BAFF-37FC68960B25}.Release|Any CPU.ActiveCfg = Release|Any CPU
		{ADC5D378-BDD7-43DB-BAFF-37FC68960B25}.Release|Any CPU.Build.0 = Release|Any CPU
		{3240B95E-BCDD-4FEE-8157-D74996990066}.Debug|Any CPU.ActiveCfg = Debug|Any CPU
		{3240B95E-BCDD-4FEE-8157-D74996990066}.Debug|Any CPU.Build.0 = Debug|Any CPU
		{3240B95E-BCDD-4FEE-8157-D74996990066}.Release|Any CPU.ActiveCfg = Release|Any CPU
		{3240B95E-BCDD-4FEE-8157-D74996990066}.Release|Any CPU.Build.0 = Release|Any CPU
		{490AA65C-A96F-4684-B408-25AA54B6B68F}.Debug|Any CPU.ActiveCfg = Debug|Any CPU
		{490AA65C-A96F-4684-B408-25AA54B6B68F}.Debug|Any CPU.Build.0 = Debug|Any CPU
		{490AA65C-A96F-4684-B408-25AA54B6B68F}.Release|Any CPU.ActiveCfg = Release|Any CPU
		{490AA65C-A96F-4684-B408-25AA54B6B68F}.Release|Any CPU.Build.0 = Release|Any CPU
		{ACB93A1D-93E2-4A50-8383-0D37EC9A0058}.Debug|Any CPU.ActiveCfg = Debug|Any CPU
		{ACB93A1D-93E2-4A50-8383-0D37EC9A0058}.Debug|Any CPU.Build.0 = Debug|Any CPU
		{ACB93A1D-93E2-4A50-8383-0D37EC9A0058}.Release|Any CPU.ActiveCfg = Release|Any CPU
		{ACB93A1D-93E2-4A50-8383-0D37EC9A0058}.Release|Any CPU.Build.0 = Release|Any CPU
		{AAC1B357-2B33-4F55-A85D-0C6DF44E5308}.Debug|Any CPU.ActiveCfg = Debug|Any CPU
		{AAC1B357-2B33-4F55-A85D-0C6DF44E5308}.Debug|Any CPU.Build.0 = Debug|Any CPU
		{AAC1B357-2B33-4F55-A85D-0C6DF44E5308}.Release|Any CPU.ActiveCfg = Release|Any CPU
		{AAC1B357-2B33-4F55-A85D-0C6DF44E5308}.Release|Any CPU.Build.0 = Release|Any CPU
	EndGlobalSection
	GlobalSection(SolutionProperties) = preSolution
		HideSolutionNode = FALSE
	EndGlobalSection
EndGlobal
