
Microsoft Visual Studio Solution File, Format Version 12.00
# Visual Studio 14
VisualStudioVersion = 14.0.25420.1
MinimumVisualStudioVersion = 10.0.40219.1
Project("{FAE04EC0-301F-11D3-BF4B-00C04F79EFBC}") = "HospitalService", "HospitalService\HospitalService.csproj", "{8BA81CE2-B79F-4675-BF8B-5F4EC7634ECF}"
EndProject
Project("{FAE04EC0-301F-11D3-BF4B-00C04F79EFBC}") = "HospitalClient", "HospitalClient\HospitalClient.csproj", "{ADC5D378-BDD7-43DB-BAFF-37FC68960B25}"
EndProject
Project("{FAE04EC0-301F-11D3-BF4B-00C04F79EFBC}") = "HospitalInterfaces", "HospitalInterfaces\HospitalInterfaces.csproj", "{3240B95E-BCDD-4FEE-8157-D74996990066}"
EndProject
Global
	GlobalSection(SolutionConfigurationPlatforms) = preSolution
		Debug|Any CPU = Debug|Any CPU
		Release|Any CPU = Release|Any CPU
	EndGlobalSection
	GlobalSection(ProjectConfigurationPlatforms) = postSolution
		{8BA81CE2-B79F-4675-BF8B-5F4EC7634ECF}.Debug|Any CPU.ActiveCfg = Debug|Any CPU
		{8BA81CE2-B79F-4675-BF8B-5F4EC7634ECF}.Debug|Any CPU.Build.0 = Debug|Any CPU
		{8BA81CE2-B79F-4675-BF8B-5F4EC7634ECF}.Release|Any CPU.ActiveCfg = Release|Any CPU
		{8BA81CE2-B79F-4675-BF8B-5F4EC7634ECF}.Release|Any CPU.Build.0 = Release|Any CPU
		{ADC5D378-BDD7-43DB-BAFF-37FC68960B25}.Debug|Any CPU.ActiveCfg = Debug|Any CPU
		{ADC5D378-BDD7-43DB-BAFF-37FC68960B25}.Debug|Any CPU.Build.0 = Debug|Any CPU
		{ADC5D378-BDD7-43DB-BAFF-37FC68960B25}.Release|Any CPU.ActiveCfg = Release|Any CPU
		{ADC5D378-BDD7-43DB-BAFF-37FC68960B25}.Release|Any CPU.Build.0 = Release|Any CPU
		{3240B95E-BCDD-4FEE-8157-D74996990066}.Debug|Any CPU.ActiveCfg = Debug|Any CPU
		{3240B95E-BCDD-4FEE-8157-D74996990066}.Debug|Any CPU.Build.0 = Debug|Any CPU
		{3240B95E-BCDD-4FEE-8157-D74996990066}.Release|Any CPU.ActiveCfg = Release|Any CPU
		{3240B95E-BCDD-4FEE-8157-D74996990066}.Release|Any CPU.Build.0 = Release|Any CPU
	EndGlobalSection
	GlobalSection(SolutionProperties) = preSolution
		HideSolutionNode = FALSE
	EndGlobalSection
EndGlobal
