
Microsoft Visual Studio Solution File, Format Version 12.00
# Visual Studio 14
VisualStudioVersion = 14.0.24720.0
MinimumVisualStudioVersion = 10.0.40219.1
Project("{FAE04EC0-301F-11D3-BF4B-00C04F79EFBC}") = "uzycie-wypozyczalni", "uzycie-wypozyczalni\uzycie-wypozyczalni.csproj", "{A76EA6CF-32D1-47B6-83D6-44D81060607C}"
EndProject
Project("{FAE04EC0-301F-11D3-BF4B-00C04F79EFBC}") = "zadanie1", "..\zadanie1\zadanie1\zadanie1.csproj", "{B13B2D12-E8F5-4EA3-9A25-5C95FAD95D31}"
EndProject
Global
	GlobalSection(SolutionConfigurationPlatforms) = preSolution
		Debug|Any CPU = Debug|Any CPU
		Release|Any CPU = Release|Any CPU
	EndGlobalSection
	GlobalSection(ProjectConfigurationPlatforms) = postSolution
		{A76EA6CF-32D1-47B6-83D6-44D81060607C}.Debug|Any CPU.ActiveCfg = Debug|Any CPU
		{A76EA6CF-32D1-47B6-83D6-44D81060607C}.Debug|Any CPU.Build.0 = Debug|Any CPU
		{A76EA6CF-32D1-47B6-83D6-44D81060607C}.Release|Any CPU.ActiveCfg = Release|Any CPU
		{A76EA6CF-32D1-47B6-83D6-44D81060607C}.Release|Any CPU.Build.0 = Release|Any CPU
		{B13B2D12-E8F5-4EA3-9A25-5C95FAD95D31}.Debug|Any CPU.ActiveCfg = Debug|Any CPU
		{B13B2D12-E8F5-4EA3-9A25-5C95FAD95D31}.Debug|Any CPU.Build.0 = Debug|Any CPU
		{B13B2D12-E8F5-4EA3-9A25-5C95FAD95D31}.Release|Any CPU.ActiveCfg = Release|Any CPU
		{B13B2D12-E8F5-4EA3-9A25-5C95FAD95D31}.Release|Any CPU.Build.0 = Release|Any CPU
	EndGlobalSection
	GlobalSection(SolutionProperties) = preSolution
		HideSolutionNode = FALSE
	EndGlobalSection
EndGlobal
